
Microsoft Visual Studio Solution File, Format Version 12.00
# Visual Studio Version 17
VisualStudioVersion = 17.9.34607.119
MinimumVisualStudioVersion = 10.0.40219.1
Project("{FAE04EC0-301F-11D3-BF4B-00C04F79EFBC}") = "TpMath2", "TpMath2\TpMath2.csproj", "{FEA526FE-5907-4D48-B0A6-807B9FB3AEBD}"
EndProject
Global
	GlobalSection(SolutionConfigurationPlatforms) = preSolution
		Debug|Any CPU = Debug|Any CPU
		Release|Any CPU = Release|Any CPU
	EndGlobalSection
	GlobalSection(ProjectConfigurationPlatforms) = postSolution
		{FEA526FE-5907-4D48-B0A6-807B9FB3AEBD}.Debug|Any CPU.ActiveCfg = Debug|Any CPU
		{FEA526FE-5907-4D48-B0A6-807B9FB3AEBD}.Debug|Any CPU.Build.0 = Debug|Any CPU
		{FEA526FE-5907-4D48-B0A6-807B9FB3AEBD}.Release|Any CPU.ActiveCfg = Release|Any CPU
		{FEA526FE-5907-4D48-B0A6-807B9FB3AEBD}.Release|Any CPU.Build.0 = Release|Any CPU
	EndGlobalSection
	GlobalSection(SolutionProperties) = preSolution
		HideSolutionNode = FALSE
	EndGlobalSection
	GlobalSection(ExtensibilityGlobals) = postSolution
		SolutionGuid = {ECA54F71-1806-4E6E-B742-DAB7E77A9D71}
	EndGlobalSection
EndGlobal
